
Microsoft Visual Studio Solution File, Format Version 12.00
# Visual Studio Version 17
VisualStudioVersion = 17.4.33122.133
MinimumVisualStudioVersion = 10.0.40219.1
Project("{FAE04EC0-301F-11D3-BF4B-00C04F79EFBC}") = "CompanyCoreLib", "CompanyCoreLib\CompanyCoreLib.csproj", "{60186E77-B854-4FF3-BE14-E8D5F4DF89ED}"
EndProject
Global
	GlobalSection(SolutionConfigurationPlatforms) = preSolution
		Debug|Any CPU = Debug|Any CPU
		Release|Any CPU = Release|Any CPU
	EndGlobalSection
	GlobalSection(ProjectConfigurationPlatforms) = postSolution
		{60186E77-B854-4FF3-BE14-E8D5F4DF89ED}.Debug|Any CPU.ActiveCfg = Debug|Any CPU
		{60186E77-B854-4FF3-BE14-E8D5F4DF89ED}.Debug|Any CPU.Build.0 = Debug|Any CPU
		{60186E77-B854-4FF3-BE14-E8D5F4DF89ED}.Release|Any CPU.ActiveCfg = Release|Any CPU
		{60186E77-B854-4FF3-BE14-E8D5F4DF89ED}.Release|Any CPU.Build.0 = Release|Any CPU
	EndGlobalSection
	GlobalSection(SolutionProperties) = preSolution
		HideSolutionNode = FALSE
	EndGlobalSection
	GlobalSection(ExtensibilityGlobals) = postSolution
		SolutionGuid = {D19EF431-DC34-4BBD-805D-1EE66A31FA0D}
	EndGlobalSection
EndGlobal
